{
  "name": "photon",
  "version": "0.1.0",
  "lockfileVersion": 3,
  "requires": true,
  "packages": {
    "": {
      "name": "photon",
      "version": "0.1.0",
      "license": "ISC",
      "dependencies": {
        "reedsolomon": "^1.0.0"
      }
    },
    "node_modules/reedsolomon": {
      "version": "1.0.0",
      "resolved": "https://registry.npmjs.org/reedsolomon/-/reedsolomon-1.0.0.tgz",
      "integrity": "sha512-mLOSG2Tvl7wmbHRMQotlSRD7hiMPWrFbtYxIu9xNjX5IMWyeyE0JA218Vb6AKxL+6dkV0QegtjOlzl7PtW62CA==",
      "license": "Apache"
    }
  }
}
